
Microsoft Visual Studio Solution File, Format Version 12.00
# Visual Studio 15
VisualStudioVersion = 15.0.26403.7
MinimumVisualStudioVersion = 15.0.26124.0
Project("{2150E333-8FDC-42A3-9474-1A3956D46DE8}") = "src", "src", "{F6BBA5CA-78DD-487D-81C9-66F2CD1C3329}"
EndProject
Project("{2150E333-8FDC-42A3-9474-1A3956D46DE8}") = "test", "test", "{FB51FF78-E7B9-437B-B164-18E0E56170F0}"
EndProject
Project("{9A19103F-16F7-4668-BE54-9A1E7A4F7556}") = "Ofl.Net.Http", "src\Ofl.Net.Http\Ofl.Net.Http.csproj", "{360A18B8-9FDC-47EA-871E-9CF8787409D8}"
EndProject
Project("{9A19103F-16F7-4668-BE54-9A1E7A4F7556}") = "Ofl.Net.Http.Tests", "test\Ofl.Net.Http.Tests\Ofl.Net.Http.Tests.csproj", "{C6A7CC81-E57B-4F71-991E-1FD0A817E085}"
EndProject
Global
	GlobalSection(SolutionConfigurationPlatforms) = preSolution
		Debug|Any CPU = Debug|Any CPU
		Debug|x64 = Debug|x64
		Debug|x86 = Debug|x86
		Release|Any CPU = Release|Any CPU
		Release|x64 = Release|x64
		Release|x86 = Release|x86
	EndGlobalSection
	GlobalSection(ProjectConfigurationPlatforms) = postSolution
		{360A18B8-9FDC-47EA-871E-9CF8787409D8}.Debug|Any CPU.ActiveCfg = Debug|Any CPU
		{360A18B8-9FDC-47EA-871E-9CF8787409D8}.Debug|Any CPU.Build.0 = Debug|Any CPU
		{360A18B8-9FDC-47EA-871E-9CF8787409D8}.Debug|x64.ActiveCfg = Debug|Any CPU
		{360A18B8-9FDC-47EA-871E-9CF8787409D8}.Debug|x64.Build.0 = Debug|Any CPU
		{360A18B8-9FDC-47EA-871E-9CF8787409D8}.Debug|x86.ActiveCfg = Debug|Any CPU
		{360A18B8-9FDC-47EA-871E-9CF8787409D8}.Debug|x86.Build.0 = Debug|Any CPU
		{360A18B8-9FDC-47EA-871E-9CF8787409D8}.Release|Any CPU.ActiveCfg = Release|Any CPU
		{360A18B8-9FDC-47EA-871E-9CF8787409D8}.Release|Any CPU.Build.0 = Release|Any CPU
		{360A18B8-9FDC-47EA-871E-9CF8787409D8}.Release|x64.ActiveCfg = Release|Any CPU
		{360A18B8-9FDC-47EA-871E-9CF8787409D8}.Release|x64.Build.0 = Release|Any CPU
		{360A18B8-9FDC-47EA-871E-9CF8787409D8}.Release|x86.ActiveCfg = Release|Any CPU
		{360A18B8-9FDC-47EA-871E-9CF8787409D8}.Release|x86.Build.0 = Release|Any CPU
		{C6A7CC81-E57B-4F71-991E-1FD0A817E085}.Debug|Any CPU.ActiveCfg = Debug|Any CPU
		{C6A7CC81-E57B-4F71-991E-1FD0A817E085}.Debug|Any CPU.Build.0 = Debug|Any CPU
		{C6A7CC81-E57B-4F71-991E-1FD0A817E085}.Debug|x64.ActiveCfg = Debug|Any CPU
		{C6A7CC81-E57B-4F71-991E-1FD0A817E085}.Debug|x64.Build.0 = Debug|Any CPU
		{C6A7CC81-E57B-4F71-991E-1FD0A817E085}.Debug|x86.ActiveCfg = Debug|Any CPU
		{C6A7CC81-E57B-4F71-991E-1FD0A817E085}.Debug|x86.Build.0 = Debug|Any CPU
		{C6A7CC81-E57B-4F71-991E-1FD0A817E085}.Release|Any CPU.ActiveCfg = Release|Any CPU
		{C6A7CC81-E57B-4F71-991E-1FD0A817E085}.Release|Any CPU.Build.0 = Release|Any CPU
		{C6A7CC81-E57B-4F71-991E-1FD0A817E085}.Release|x64.ActiveCfg = Release|Any CPU
		{C6A7CC81-E57B-4F71-991E-1FD0A817E085}.Release|x64.Build.0 = Release|Any CPU
		{C6A7CC81-E57B-4F71-991E-1FD0A817E085}.Release|x86.ActiveCfg = Release|Any CPU
		{C6A7CC81-E57B-4F71-991E-1FD0A817E085}.Release|x86.Build.0 = Release|Any CPU
	EndGlobalSection
	GlobalSection(SolutionProperties) = preSolution
		HideSolutionNode = FALSE
	EndGlobalSection
	GlobalSection(NestedProjects) = preSolution
		{360A18B8-9FDC-47EA-871E-9CF8787409D8} = {F6BBA5CA-78DD-487D-81C9-66F2CD1C3329}
		{C6A7CC81-E57B-4F71-991E-1FD0A817E085} = {FB51FF78-E7B9-437B-B164-18E0E56170F0}
	EndGlobalSection
EndGlobal
